// !$*UTF8*$!
{
	archiveVersion = 1;
	classes = {
	};
	objectVersion = 52;
	objects = {

/* Begin PBXBuildFile section */
		B3BB7F1123993EC800A7BEF2 /* AppDelegate.swift in Sources */ = {isa = PBXBuildFile; fileRef = B3BB7F1023993EC800A7BEF2 /* AppDelegate.swift */; };
		B3BB7F1323993EC800A7BEF2 /* SceneDelegate.swift in Sources */ = {isa = PBXBuildFile; fileRef = B3BB7F1223993EC800A7BEF2 /* SceneDelegate.swift */; };
		B3BB7F1723993ECC00A7BEF2 /* Assets.xcassets in Resources */ = {isa = PBXBuildFile; fileRef = B3BB7F1623993ECC00A7BEF2 /* Assets.xcassets */; };
		B3BB7F1A23993ECC00A7BEF2 /* Preview Assets.xcassets in Resources */ = {isa = PBXBuildFile; fileRef = B3BB7F1923993ECC00A7BEF2 /* Preview Assets.xcassets */; };
		B3BB7F1D23993ECC00A7BEF2 /* LaunchScreen.storyboard in Resources */ = {isa = PBXBuildFile; fileRef = B3BB7F1B23993ECC00A7BEF2 /* LaunchScreen.storyboard */; };
		B3C683E8248F99730025056E /* FjuulAnalytics in Frameworks */ = {isa = PBXBuildFile; productRef = B3C683E7248F99730025056E /* FjuulAnalytics */; };
		B3C683F2248FADB50025056E /* ExampleAppUITests.swift in Sources */ = {isa = PBXBuildFile; fileRef = B3C683F1248FADB50025056E /* ExampleAppUITests.swift */; };
		B3FBCDAB24B8AB1200184A88 /* FloatingTextField.swift in Sources */ = {isa = PBXBuildFile; fileRef = B3FBCDA624B8AB1200184A88 /* FloatingTextField.swift */; };
		B3FBCDAC24B8AB1200184A88 /* CreateUserView.swift in Sources */ = {isa = PBXBuildFile; fileRef = B3FBCDA824B8AB1200184A88 /* CreateUserView.swift */; };
		B3FBCDAD24B8AB1200184A88 /* ModuleSelectionView.swift in Sources */ = {isa = PBXBuildFile; fileRef = B3FBCDA924B8AB1200184A88 /* ModuleSelectionView.swift */; };
		B3FBCDAE24B8AB1200184A88 /* OnboardingView.swift in Sources */ = {isa = PBXBuildFile; fileRef = B3FBCDAA24B8AB1200184A88 /* OnboardingView.swift */; };
		B3FBCDB024B8AB3000184A88 /* ApiEnvironment.swift in Sources */ = {isa = PBXBuildFile; fileRef = B3FBCDAF24B8AB3000184A88 /* ApiEnvironment.swift */; };
		B3FBCDB224B8AB6200184A88 /* UserDefaultsManager.swift in Sources */ = {isa = PBXBuildFile; fileRef = B3FBCDB124B8AB6200184A88 /* UserDefaultsManager.swift */; };
		B3FBCDB424B8AC7800184A88 /* ApiClientHolder.swift in Sources */ = {isa = PBXBuildFile; fileRef = B3FBCDB324B8AC7800184A88 /* ApiClientHolder.swift */; };
		B3FBCDB624B8B3F400184A88 /* DailyStatsView.swift in Sources */ = {isa = PBXBuildFile; fileRef = B3FBCDB524B8B3F400184A88 /* DailyStatsView.swift */; };
		B3FBCDB824B8BE2F00184A88 /* RootView.swift in Sources */ = {isa = PBXBuildFile; fileRef = B3FBCDB724B8BE2F00184A88 /* RootView.swift */; };
/* End PBXBuildFile section */

/* Begin PBXContainerItemProxy section */
		B3C683F4248FADB50025056E /* PBXContainerItemProxy */ = {
			isa = PBXContainerItemProxy;
			containerPortal = B3BB7F0523993EC800A7BEF2 /* Project object */;
			proxyType = 1;
			remoteGlobalIDString = B3BB7F0C23993EC800A7BEF2;
			remoteInfo = ExampleApp;
		};
/* End PBXContainerItemProxy section */

/* Begin PBXFileReference section */
		B3BB7F0D23993EC800A7BEF2 /* ExampleApp.app */ = {isa = PBXFileReference; explicitFileType = wrapper.application; includeInIndex = 0; path = ExampleApp.app; sourceTree = BUILT_PRODUCTS_DIR; };
		B3BB7F1023993EC800A7BEF2 /* AppDelegate.swift */ = {isa = PBXFileReference; lastKnownFileType = sourcecode.swift; path = AppDelegate.swift; sourceTree = "<group>"; };
		B3BB7F1223993EC800A7BEF2 /* SceneDelegate.swift */ = {isa = PBXFileReference; lastKnownFileType = sourcecode.swift; path = SceneDelegate.swift; sourceTree = "<group>"; };
		B3BB7F1623993ECC00A7BEF2 /* Assets.xcassets */ = {isa = PBXFileReference; lastKnownFileType = folder.assetcatalog; path = Assets.xcassets; sourceTree = "<group>"; };
		B3BB7F1923993ECC00A7BEF2 /* Preview Assets.xcassets */ = {isa = PBXFileReference; lastKnownFileType = folder.assetcatalog; path = "Preview Assets.xcassets"; sourceTree = "<group>"; };
		B3BB7F1C23993ECC00A7BEF2 /* Base */ = {isa = PBXFileReference; lastKnownFileType = file.storyboard; name = Base; path = Base.lproj/LaunchScreen.storyboard; sourceTree = "<group>"; };
		B3BB7F1E23993ECC00A7BEF2 /* Info.plist */ = {isa = PBXFileReference; lastKnownFileType = text.plist.xml; path = Info.plist; sourceTree = "<group>"; };
		B3C683EF248FADB50025056E /* ExampleAppUITests.xctest */ = {isa = PBXFileReference; explicitFileType = wrapper.cfbundle; includeInIndex = 0; path = ExampleAppUITests.xctest; sourceTree = BUILT_PRODUCTS_DIR; };
		B3C683F1248FADB50025056E /* ExampleAppUITests.swift */ = {isa = PBXFileReference; lastKnownFileType = sourcecode.swift; path = ExampleAppUITests.swift; sourceTree = "<group>"; };
		B3C683F3248FADB50025056E /* Info.plist */ = {isa = PBXFileReference; lastKnownFileType = text.plist.xml; path = Info.plist; sourceTree = "<group>"; };
		B3FBCDA624B8AB1200184A88 /* FloatingTextField.swift */ = {isa = PBXFileReference; fileEncoding = 4; lastKnownFileType = sourcecode.swift; path = FloatingTextField.swift; sourceTree = "<group>"; };
		B3FBCDA824B8AB1200184A88 /* CreateUserView.swift */ = {isa = PBXFileReference; fileEncoding = 4; lastKnownFileType = sourcecode.swift; path = CreateUserView.swift; sourceTree = "<group>"; };
		B3FBCDA924B8AB1200184A88 /* ModuleSelectionView.swift */ = {isa = PBXFileReference; fileEncoding = 4; lastKnownFileType = sourcecode.swift; path = ModuleSelectionView.swift; sourceTree = "<group>"; };
		B3FBCDAA24B8AB1200184A88 /* OnboardingView.swift */ = {isa = PBXFileReference; fileEncoding = 4; lastKnownFileType = sourcecode.swift; path = OnboardingView.swift; sourceTree = "<group>"; };
		B3FBCDAF24B8AB3000184A88 /* ApiEnvironment.swift */ = {isa = PBXFileReference; lastKnownFileType = sourcecode.swift; path = ApiEnvironment.swift; sourceTree = "<group>"; };
		B3FBCDB124B8AB6200184A88 /* UserDefaultsManager.swift */ = {isa = PBXFileReference; lastKnownFileType = sourcecode.swift; path = UserDefaultsManager.swift; sourceTree = "<group>"; };
		B3FBCDB324B8AC7800184A88 /* ApiClientHolder.swift */ = {isa = PBXFileReference; lastKnownFileType = sourcecode.swift; path = ApiClientHolder.swift; sourceTree = "<group>"; };
		B3FBCDB524B8B3F400184A88 /* DailyStatsView.swift */ = {isa = PBXFileReference; lastKnownFileType = sourcecode.swift; path = DailyStatsView.swift; sourceTree = "<group>"; };
		B3FBCDB724B8BE2F00184A88 /* RootView.swift */ = {isa = PBXFileReference; lastKnownFileType = sourcecode.swift; path = RootView.swift; sourceTree = "<group>"; };
/* End PBXFileReference section */

/* Begin PBXFrameworksBuildPhase section */
		B3BB7F0A23993EC800A7BEF2 /* Frameworks */ = {
			isa = PBXFrameworksBuildPhase;
			buildActionMask = 2147483647;
			files = (
				B3C683E8248F99730025056E /* FjuulAnalytics in Frameworks */,
			);
			runOnlyForDeploymentPostprocessing = 0;
		};
		B3C683EC248FADB50025056E /* Frameworks */ = {
			isa = PBXFrameworksBuildPhase;
			buildActionMask = 2147483647;
			files = (
			);
			runOnlyForDeploymentPostprocessing = 0;
		};
/* End PBXFrameworksBuildPhase section */

/* Begin PBXGroup section */
		B3BB7F0423993EC800A7BEF2 = {
			isa = PBXGroup;
			children = (
				B3BB7F0F23993EC800A7BEF2 /* ExampleApp */,
				B3C683F0248FADB50025056E /* ExampleAppUITests */,
				B3BB7F0E23993EC800A7BEF2 /* Products */,
				B3BB7F252399407C00A7BEF2 /* Frameworks */,
			);
			sourceTree = "<group>";
		};
		B3BB7F0E23993EC800A7BEF2 /* Products */ = {
			isa = PBXGroup;
			children = (
				B3BB7F0D23993EC800A7BEF2 /* ExampleApp.app */,
				B3C683EF248FADB50025056E /* ExampleAppUITests.xctest */,
			);
			name = Products;
			sourceTree = "<group>";
		};
		B3BB7F0F23993EC800A7BEF2 /* ExampleApp */ = {
			isa = PBXGroup;
			children = (
				B3FBCDA724B8AB1200184A88 /* Screens */,
				B3FBCDA524B8AB1200184A88 /* Utils */,
				B3BB7F1023993EC800A7BEF2 /* AppDelegate.swift */,
				B3BB7F1623993ECC00A7BEF2 /* Assets.xcassets */,
				B3BB7F1E23993ECC00A7BEF2 /* Info.plist */,
				B3BB7F1B23993ECC00A7BEF2 /* LaunchScreen.storyboard */,
				B3BB7F1823993ECC00A7BEF2 /* Preview Content */,
				B3BB7F1223993EC800A7BEF2 /* SceneDelegate.swift */,
			);
			path = ExampleApp;
			sourceTree = "<group>";
		};
		B3BB7F1823993ECC00A7BEF2 /* Preview Content */ = {
			isa = PBXGroup;
			children = (
				B3BB7F1923993ECC00A7BEF2 /* Preview Assets.xcassets */,
			);
			path = "Preview Content";
			sourceTree = "<group>";
		};
		B3BB7F252399407C00A7BEF2 /* Frameworks */ = {
			isa = PBXGroup;
			children = (
			);
			name = Frameworks;
			sourceTree = "<group>";
		};
		B3C683F0248FADB50025056E /* ExampleAppUITests */ = {
			isa = PBXGroup;
			children = (
				B3C683F1248FADB50025056E /* ExampleAppUITests.swift */,
				B3C683F3248FADB50025056E /* Info.plist */,
			);
			path = ExampleAppUITests;
			sourceTree = "<group>";
		};
		B3FBCDA524B8AB1200184A88 /* Utils */ = {
			isa = PBXGroup;
			children = (
				B3FBCDB324B8AC7800184A88 /* ApiClientHolder.swift */,
				B3FBCDAF24B8AB3000184A88 /* ApiEnvironment.swift */,
				B3FBCDA624B8AB1200184A88 /* FloatingTextField.swift */,
				B3FBCDB124B8AB6200184A88 /* UserDefaultsManager.swift */,
			);
			path = Utils;
			sourceTree = "<group>";
		};
		B3FBCDA724B8AB1200184A88 /* Screens */ = {
			isa = PBXGroup;
			children = (
				B3FBCDA824B8AB1200184A88 /* CreateUserView.swift */,
				B3FBCDB524B8B3F400184A88 /* DailyStatsView.swift */,
				B3FBCDA924B8AB1200184A88 /* ModuleSelectionView.swift */,
				B3FBCDAA24B8AB1200184A88 /* OnboardingView.swift */,
				B3FBCDB724B8BE2F00184A88 /* RootView.swift */,
			);
			path = Screens;
			sourceTree = "<group>";
		};
/* End PBXGroup section */

/* Begin PBXNativeTarget section */
		B3BB7F0C23993EC800A7BEF2 /* ExampleApp */ = {
			isa = PBXNativeTarget;
			buildConfigurationList = B3BB7F2123993ECC00A7BEF2 /* Build configuration list for PBXNativeTarget "ExampleApp" */;
			buildPhases = (
				B3BB7F0923993EC800A7BEF2 /* Sources */,
				B3BB7F0A23993EC800A7BEF2 /* Frameworks */,
				B3BB7F0B23993EC800A7BEF2 /* Resources */,
				B3C683FB24A0A6930025056E /* swiftlint */,
			);
			buildRules = (
			);
			dependencies = (
			);
			name = ExampleApp;
			packageProductDependencies = (
				B3C683E7248F99730025056E /* FjuulAnalytics */,
			);
			productName = ExampleApp;
			productReference = B3BB7F0D23993EC800A7BEF2 /* ExampleApp.app */;
			productType = "com.apple.product-type.application";
		};
		B3C683EE248FADB50025056E /* ExampleAppUITests */ = {
			isa = PBXNativeTarget;
			buildConfigurationList = B3C683F6248FADB50025056E /* Build configuration list for PBXNativeTarget "ExampleAppUITests" */;
			buildPhases = (
				B3C683EB248FADB50025056E /* Sources */,
				B3C683EC248FADB50025056E /* Frameworks */,
				B3C683ED248FADB50025056E /* Resources */,
			);
			buildRules = (
			);
			dependencies = (
				B3C683F5248FADB50025056E /* PBXTargetDependency */,
			);
			name = ExampleAppUITests;
			productName = ExampleAppUITests;
			productReference = B3C683EF248FADB50025056E /* ExampleAppUITests.xctest */;
			productType = "com.apple.product-type.bundle.ui-testing";
		};
/* End PBXNativeTarget section */

/* Begin PBXProject section */
		B3BB7F0523993EC800A7BEF2 /* Project object */ = {
			isa = PBXProject;
			attributes = {
				LastSwiftUpdateCheck = 1150;
				LastUpgradeCheck = 1120;
				ORGANIZATIONNAME = "Fjuul Vision Oy";
				TargetAttributes = {
					B3BB7F0C23993EC800A7BEF2 = {
						CreatedOnToolsVersion = 11.2.1;
					};
					B3C683EE248FADB50025056E = {
						CreatedOnToolsVersion = 11.5;
						TestTargetID = B3BB7F0C23993EC800A7BEF2;
					};
				};
			};
			buildConfigurationList = B3BB7F0823993EC800A7BEF2 /* Build configuration list for PBXProject "ExampleApp" */;
			compatibilityVersion = "Xcode 9.3";
			developmentRegion = en;
			hasScannedForEncodings = 0;
			knownRegions = (
				en,
				Base,
			);
			mainGroup = B3BB7F0423993EC800A7BEF2;
			productRefGroup = B3BB7F0E23993EC800A7BEF2 /* Products */;
			projectDirPath = "";
			projectRoot = "";
			targets = (
				B3BB7F0C23993EC800A7BEF2 /* ExampleApp */,
				B3C683EE248FADB50025056E /* ExampleAppUITests */,
			);
		};
/* End PBXProject section */

/* Begin PBXResourcesBuildPhase section */
		B3BB7F0B23993EC800A7BEF2 /* Resources */ = {
			isa = PBXResourcesBuildPhase;
			buildActionMask = 2147483647;
			files = (
				B3BB7F1D23993ECC00A7BEF2 /* LaunchScreen.storyboard in Resources */,
				B3BB7F1A23993ECC00A7BEF2 /* Preview Assets.xcassets in Resources */,
				B3BB7F1723993ECC00A7BEF2 /* Assets.xcassets in Resources */,
			);
			runOnlyForDeploymentPostprocessing = 0;
		};
		B3C683ED248FADB50025056E /* Resources */ = {
			isa = PBXResourcesBuildPhase;
			buildActionMask = 2147483647;
			files = (
			);
			runOnlyForDeploymentPostprocessing = 0;
		};
/* End PBXResourcesBuildPhase section */

/* Begin PBXShellScriptBuildPhase section */
		B3C683FB24A0A6930025056E /* swiftlint */ = {
			isa = PBXShellScriptBuildPhase;
			buildActionMask = 2147483647;
			files = (
			);
			inputFileListPaths = (
			);
			inputPaths = (
			);
			name = swiftlint;
			outputFileListPaths = (
			);
			outputPaths = (
			);
			runOnlyForDeploymentPostprocessing = 0;
			shellPath = /bin/sh;
			shellScript = "if which swiftlint >/dev/null; then\n  swiftlint\nfi\n";
		};
/* End PBXShellScriptBuildPhase section */

/* Begin PBXSourcesBuildPhase section */
		B3BB7F0923993EC800A7BEF2 /* Sources */ = {
			isa = PBXSourcesBuildPhase;
			buildActionMask = 2147483647;
			files = (
				B3BB7F1123993EC800A7BEF2 /* AppDelegate.swift in Sources */,
				B3FBCDAD24B8AB1200184A88 /* ModuleSelectionView.swift in Sources */,
				B3FBCDAE24B8AB1200184A88 /* OnboardingView.swift in Sources */,
				B3FBCDB024B8AB3000184A88 /* ApiEnvironment.swift in Sources */,
				B3FBCDAB24B8AB1200184A88 /* FloatingTextField.swift in Sources */,
				B3FBCDAC24B8AB1200184A88 /* CreateUserView.swift in Sources */,
				B3FBCDB224B8AB6200184A88 /* UserDefaultsManager.swift in Sources */,
				B3BB7F1323993EC800A7BEF2 /* SceneDelegate.swift in Sources */,
				B3FBCDB624B8B3F400184A88 /* DailyStatsView.swift in Sources */,
				B3FBCDB424B8AC7800184A88 /* ApiClientHolder.swift in Sources */,
				B3FBCDB824B8BE2F00184A88 /* RootView.swift in Sources */,
			);
			runOnlyForDeploymentPostprocessing = 0;
		};
		B3C683EB248FADB50025056E /* Sources */ = {
			isa = PBXSourcesBuildPhase;
			buildActionMask = 2147483647;
			files = (
				B3C683F2248FADB50025056E /* ExampleAppUITests.swift in Sources */,
			);
			runOnlyForDeploymentPostprocessing = 0;
		};
/* End PBXSourcesBuildPhase section */

/* Begin PBXTargetDependency section */
		B3C683F5248FADB50025056E /* PBXTargetDependency */ = {
			isa = PBXTargetDependency;
			target = B3BB7F0C23993EC800A7BEF2 /* ExampleApp */;
			targetProxy = B3C683F4248FADB50025056E /* PBXContainerItemProxy */;
		};
/* End PBXTargetDependency section */

/* Begin PBXVariantGroup section */
		B3BB7F1B23993ECC00A7BEF2 /* LaunchScreen.storyboard */ = {
			isa = PBXVariantGroup;
			children = (
				B3BB7F1C23993ECC00A7BEF2 /* Base */,
			);
			name = LaunchScreen.storyboard;
			sourceTree = "<group>";
		};
/* End PBXVariantGroup section */

/* Begin XCBuildConfiguration section */
		B3BB7F1F23993ECC00A7BEF2 /* Debug */ = {
			isa = XCBuildConfiguration;
			buildSettings = {
				ALWAYS_SEARCH_USER_PATHS = NO;
				CLANG_ANALYZER_NONNULL = YES;
				CLANG_ANALYZER_NUMBER_OBJECT_CONVERSION = YES_AGGRESSIVE;
				CLANG_CXX_LANGUAGE_STANDARD = "gnu++14";
				CLANG_CXX_LIBRARY = "libc++";
				CLANG_ENABLE_MODULES = YES;
				CLANG_ENABLE_OBJC_ARC = YES;
				CLANG_ENABLE_OBJC_WEAK = YES;
				CLANG_WARN_BLOCK_CAPTURE_AUTORELEASING = YES;
				CLANG_WARN_BOOL_CONVERSION = YES;
				CLANG_WARN_COMMA = YES;
				CLANG_WARN_CONSTANT_CONVERSION = YES;
				CLANG_WARN_DEPRECATED_OBJC_IMPLEMENTATIONS = YES;
				CLANG_WARN_DIRECT_OBJC_ISA_USAGE = YES_ERROR;
				CLANG_WARN_DOCUMENTATION_COMMENTS = YES;
				CLANG_WARN_EMPTY_BODY = YES;
				CLANG_WARN_ENUM_CONVERSION = YES;
				CLANG_WARN_INFINITE_RECURSION = YES;
				CLANG_WARN_INT_CONVERSION = YES;
				CLANG_WARN_NON_LITERAL_NULL_CONVERSION = YES;
				CLANG_WARN_OBJC_IMPLICIT_RETAIN_SELF = YES;
				CLANG_WARN_OBJC_LITERAL_CONVERSION = YES;
				CLANG_WARN_OBJC_ROOT_CLASS = YES_ERROR;
				CLANG_WARN_RANGE_LOOP_ANALYSIS = YES;
				CLANG_WARN_STRICT_PROTOTYPES = YES;
				CLANG_WARN_SUSPICIOUS_MOVE = YES;
				CLANG_WARN_UNGUARDED_AVAILABILITY = YES_AGGRESSIVE;
				CLANG_WARN_UNREACHABLE_CODE = YES;
				CLANG_WARN__DUPLICATE_METHOD_MATCH = YES;
				COPY_PHASE_STRIP = NO;
				DEBUG_INFORMATION_FORMAT = dwarf;
				ENABLE_STRICT_OBJC_MSGSEND = YES;
				ENABLE_TESTABILITY = YES;
				GCC_C_LANGUAGE_STANDARD = gnu11;
				GCC_DYNAMIC_NO_PIC = NO;
				GCC_NO_COMMON_BLOCKS = YES;
				GCC_OPTIMIZATION_LEVEL = 0;
				GCC_PREPROCESSOR_DEFINITIONS = (
					"DEBUG=1",
					"$(inherited)",
				);
				GCC_WARN_64_TO_32_BIT_CONVERSION = YES;
				GCC_WARN_ABOUT_RETURN_TYPE = YES_ERROR;
				GCC_WARN_UNDECLARED_SELECTOR = YES;
				GCC_WARN_UNINITIALIZED_AUTOS = YES_AGGRESSIVE;
				GCC_WARN_UNUSED_FUNCTION = YES;
				GCC_WARN_UNUSED_VARIABLE = YES;
				IPHONEOS_DEPLOYMENT_TARGET = 13.4;
				MTL_ENABLE_DEBUG_INFO = INCLUDE_SOURCE;
				MTL_FAST_MATH = YES;
				ONLY_ACTIVE_ARCH = YES;
				SDKROOT = iphoneos;
				SWIFT_ACTIVE_COMPILATION_CONDITIONS = DEBUG;
				SWIFT_OPTIMIZATION_LEVEL = "-Onone";
			};
			name = Debug;
		};
		B3BB7F2023993ECC00A7BEF2 /* Release */ = {
			isa = XCBuildConfiguration;
			buildSettings = {
				ALWAYS_SEARCH_USER_PATHS = NO;
				CLANG_ANALYZER_NONNULL = YES;
				CLANG_ANALYZER_NUMBER_OBJECT_CONVERSION = YES_AGGRESSIVE;
				CLANG_CXX_LANGUAGE_STANDARD = "gnu++14";
				CLANG_CXX_LIBRARY = "libc++";
				CLANG_ENABLE_MODULES = YES;
				CLANG_ENABLE_OBJC_ARC = YES;
				CLANG_ENABLE_OBJC_WEAK = YES;
				CLANG_WARN_BLOCK_CAPTURE_AUTORELEASING = YES;
				CLANG_WARN_BOOL_CONVERSION = YES;
				CLANG_WARN_COMMA = YES;
				CLANG_WARN_CONSTANT_CONVERSION = YES;
				CLANG_WARN_DEPRECATED_OBJC_IMPLEMENTATIONS = YES;
				CLANG_WARN_DIRECT_OBJC_ISA_USAGE = YES_ERROR;
				CLANG_WARN_DOCUMENTATION_COMMENTS = YES;
				CLANG_WARN_EMPTY_BODY = YES;
				CLANG_WARN_ENUM_CONVERSION = YES;
				CLANG_WARN_INFINITE_RECURSION = YES;
				CLANG_WARN_INT_CONVERSION = YES;
				CLANG_WARN_NON_LITERAL_NULL_CONVERSION = YES;
				CLANG_WARN_OBJC_IMPLICIT_RETAIN_SELF = YES;
				CLANG_WARN_OBJC_LITERAL_CONVERSION = YES;
				CLANG_WARN_OBJC_ROOT_CLASS = YES_ERROR;
				CLANG_WARN_RANGE_LOOP_ANALYSIS = YES;
				CLANG_WARN_STRICT_PROTOTYPES = YES;
				CLANG_WARN_SUSPICIOUS_MOVE = YES;
				CLANG_WARN_UNGUARDED_AVAILABILITY = YES_AGGRESSIVE;
				CLANG_WARN_UNREACHABLE_CODE = YES;
				CLANG_WARN__DUPLICATE_METHOD_MATCH = YES;
				COPY_PHASE_STRIP = NO;
				DEBUG_INFORMATION_FORMAT = "dwarf-with-dsym";
				ENABLE_NS_ASSERTIONS = NO;
				ENABLE_STRICT_OBJC_MSGSEND = YES;
				GCC_C_LANGUAGE_STANDARD = gnu11;
				GCC_NO_COMMON_BLOCKS = YES;
				GCC_WARN_64_TO_32_BIT_CONVERSION = YES;
				GCC_WARN_ABOUT_RETURN_TYPE = YES_ERROR;
				GCC_WARN_UNDECLARED_SELECTOR = YES;
				GCC_WARN_UNINITIALIZED_AUTOS = YES_AGGRESSIVE;
				GCC_WARN_UNUSED_FUNCTION = YES;
				GCC_WARN_UNUSED_VARIABLE = YES;
				IPHONEOS_DEPLOYMENT_TARGET = 13.4;
				MTL_ENABLE_DEBUG_INFO = NO;
				MTL_FAST_MATH = YES;
				SDKROOT = iphoneos;
				SWIFT_COMPILATION_MODE = wholemodule;
				SWIFT_OPTIMIZATION_LEVEL = "-O";
				VALIDATE_PRODUCT = YES;
			};
			name = Release;
		};
		B3BB7F2223993ECC00A7BEF2 /* Debug */ = {
			isa = XCBuildConfiguration;
			buildSettings = {
				ASSETCATALOG_COMPILER_APPICON_NAME = AppIcon;
				CODE_SIGN_STYLE = Automatic;
				DEVELOPMENT_ASSET_PATHS = "\"ExampleApp/Preview Content\"";
				DEVELOPMENT_TEAM = DA87GRNST5;
				ENABLE_PREVIEWS = YES;
				INFOPLIST_FILE = ExampleApp/Info.plist;
				LD_RUNPATH_SEARCH_PATHS = (
					"$(inherited)",
					"@executable_path/Frameworks",
				);
				PRODUCT_BUNDLE_IDENTIFIER = com.fjuul.sdk.ios.ExampleApp;
				PRODUCT_NAME = "$(TARGET_NAME)";
				SWIFT_VERSION = 5.0;
				TARGETED_DEVICE_FAMILY = "1,2";
			};
			name = Debug;
		};
		B3BB7F2323993ECC00A7BEF2 /* Release */ = {
			isa = XCBuildConfiguration;
			buildSettings = {
				ASSETCATALOG_COMPILER_APPICON_NAME = AppIcon;
				CODE_SIGN_STYLE = Automatic;
				DEVELOPMENT_ASSET_PATHS = "\"ExampleApp/Preview Content\"";
				DEVELOPMENT_TEAM = DA87GRNST5;
				ENABLE_PREVIEWS = YES;
				INFOPLIST_FILE = ExampleApp/Info.plist;
				LD_RUNPATH_SEARCH_PATHS = (
					"$(inherited)",
					"@executable_path/Frameworks",
				);
				PRODUCT_BUNDLE_IDENTIFIER = com.fjuul.sdk.ios.ExampleApp;
				PRODUCT_NAME = "$(TARGET_NAME)";
				SWIFT_VERSION = 5.0;
				TARGETED_DEVICE_FAMILY = "1,2";
			};
			name = Release;
		};
		B3C683F7248FADB50025056E /* Debug */ = {
			isa = XCBuildConfiguration;
			buildSettings = {
				CODE_SIGN_STYLE = Automatic;
				INFOPLIST_FILE = ExampleAppUITests/Info.plist;
				LD_RUNPATH_SEARCH_PATHS = (
					"$(inherited)",
					"@executable_path/Frameworks",
					"@loader_path/Frameworks",
				);
				PRODUCT_BUNDLE_IDENTIFIER = com.fjuul.sdk.ios.ExampleAppUITests;
				PRODUCT_NAME = "$(TARGET_NAME)";
				SWIFT_VERSION = 5.0;
				TARGETED_DEVICE_FAMILY = "1,2";
				TEST_TARGET_NAME = ExampleApp;
			};
			name = Debug;
		};
		B3C683F8248FADB50025056E /* Release */ = {
			isa = XCBuildConfiguration;
			buildSettings = {
				CODE_SIGN_STYLE = Automatic;
				INFOPLIST_FILE = ExampleAppUITests/Info.plist;
				LD_RUNPATH_SEARCH_PATHS = (
					"$(inherited)",
					"@executable_path/Frameworks",
					"@loader_path/Frameworks",
				);
				PRODUCT_BUNDLE_IDENTIFIER = com.fjuul.sdk.ios.ExampleAppUITests;
				PRODUCT_NAME = "$(TARGET_NAME)";
				SWIFT_VERSION = 5.0;
				TARGETED_DEVICE_FAMILY = "1,2";
				TEST_TARGET_NAME = ExampleApp;
			};
			name = Release;
		};
/* End XCBuildConfiguration section */

/* Begin XCConfigurationList section */
		B3BB7F0823993EC800A7BEF2 /* Build configuration list for PBXProject "ExampleApp" */ = {
			isa = XCConfigurationList;
			buildConfigurations = (
				B3BB7F1F23993ECC00A7BEF2 /* Debug */,
				B3BB7F2023993ECC00A7BEF2 /* Release */,
			);
			defaultConfigurationIsVisible = 0;
			defaultConfigurationName = Release;
		};
		B3BB7F2123993ECC00A7BEF2 /* Build configuration list for PBXNativeTarget "ExampleApp" */ = {
			isa = XCConfigurationList;
			buildConfigurations = (
				B3BB7F2223993ECC00A7BEF2 /* Debug */,
				B3BB7F2323993ECC00A7BEF2 /* Release */,
			);
			defaultConfigurationIsVisible = 0;
			defaultConfigurationName = Release;
		};
		B3C683F6248FADB50025056E /* Build configuration list for PBXNativeTarget "ExampleAppUITests" */ = {
			isa = XCConfigurationList;
			buildConfigurations = (
				B3C683F7248FADB50025056E /* Debug */,
				B3C683F8248FADB50025056E /* Release */,
			);
			defaultConfigurationIsVisible = 0;
			defaultConfigurationName = Release;
		};
/* End XCConfigurationList section */

/* Begin XCSwiftPackageProductDependency section */
		B3C683E7248F99730025056E /* FjuulAnalytics */ = {
			isa = XCSwiftPackageProductDependency;
			productName = FjuulAnalytics;
		};
/* End XCSwiftPackageProductDependency section */
	};
	rootObject = B3BB7F0523993EC800A7BEF2 /* Project object */;
}
